
Microsoft Visual Studio Solution File, Format Version 12.00
# Visual Studio Version 17
VisualStudioVersion = 17.5.002.0
MinimumVisualStudioVersion = 10.0.40219.1
Project("{9A19103F-16F7-4668-BE54-9A1E7A4F7556}") = "screenshot", "screenshot.csproj", "{C0DD0620-1996-4CC8-A38D-C61B5F768979}"
EndProject
Global
	GlobalSection(SolutionConfigurationPlatforms) = preSolution
		Debug|Any CPU = Debug|Any CPU
		Release|Any CPU = Release|Any CPU
	EndGlobalSection
	GlobalSection(ProjectConfigurationPlatforms) = postSolution
		{C0DD0620-1996-4CC8-A38D-C61B5F768979}.Debug|Any CPU.ActiveCfg = Debug|Any CPU
		{C0DD0620-1996-4CC8-A38D-C61B5F768979}.Debug|Any CPU.Build.0 = Debug|Any CPU
		{C0DD0620-1996-4CC8-A38D-C61B5F768979}.Release|Any CPU.ActiveCfg = Release|Any CPU
		{C0DD0620-1996-4CC8-A38D-C61B5F768979}.Release|Any CPU.Build.0 = Release|Any CPU
	EndGlobalSection
	GlobalSection(SolutionProperties) = preSolution
		HideSolutionNode = FALSE
	EndGlobalSection
	GlobalSection(ExtensibilityGlobals) = postSolution
		SolutionGuid = {9B745944-9E2F-4B28-B684-6154E2341584}
	EndGlobalSection
EndGlobal
